
Microsoft Visual Studio Solution File, Format Version 12.00
# Visual Studio Version 17
VisualStudioVersion = 17.6.33815.320
MinimumVisualStudioVersion = 10.0.40219.1
Project("{FAE04EC0-301F-11D3-BF4B-00C04F79EFBC}") = "WindowsFormsApp1", "WindowsFormsApp1\WindowsFormsApp1.csproj", "{03D20524-6998-4AF7-9934-3A9FFD5E6A22}"
EndProject
Global
	GlobalSection(SolutionConfigurationPlatforms) = preSolution
		Debug|Any CPU = Debug|Any CPU
		Release|Any CPU = Release|Any CPU
	EndGlobalSection
	GlobalSection(ProjectConfigurationPlatforms) = postSolution
		{03D20524-6998-4AF7-9934-3A9FFD5E6A22}.Debug|Any CPU.ActiveCfg = Debug|Any CPU
		{03D20524-6998-4AF7-9934-3A9FFD5E6A22}.Debug|Any CPU.Build.0 = Debug|Any CPU
		{03D20524-6998-4AF7-9934-3A9FFD5E6A22}.Release|Any CPU.ActiveCfg = Release|Any CPU
		{03D20524-6998-4AF7-9934-3A9FFD5E6A22}.Release|Any CPU.Build.0 = Release|Any CPU
	EndGlobalSection
	GlobalSection(SolutionProperties) = preSolution
		HideSolutionNode = FALSE
	EndGlobalSection
	GlobalSection(ExtensibilityGlobals) = postSolution
		SolutionGuid = {49556EC7-8512-421A-BD8B-3C2B5C0E2629}
	EndGlobalSection
EndGlobal
